{
  "version": 4,
  "terraform_version": "0.12.5",
  "serial": 39,
  "lineage": "63eb8f5a-ce2f-f686-aa0d-5112c8510614",
  "outputs": {
    "ContainerName": {
      "value": "blog",
      "type": "string"
    },
    "IP_Address": {
      "value": "172.17.0.3",
      "type": "string"
    }
  },
  "resources": [
    {
      "module": "module.Container",
      "mode": "managed",
      "type": "docker_container",
      "name": "container_id",
      "provider": "provider.docker",
      "instances": [
        {
          "schema_version": 1,
          "attributes": {
            "attach": false,
            "bridge": "",
            "capabilities": [],
            "command": null,
            "container_logs": null,
            "cpu_set": null,
            "cpu_shares": null,
            "destroy_grace_seconds": null,
            "devices": [],
            "dns": null,
            "dns_opts": null,
            "dns_search": null,
            "domainname": null,
            "entrypoint": null,
            "env": null,
            "exit_code": null,
            "gateway": "172.17.0.1",
            "healthcheck": [],
            "host": [],
            "hostname": null,
            "id": "5e327ac7dbb7d7751443d6de7f2bf517cbd04a5a2b5293a260c255d239b29485",
            "image": "sha256:3fc7b362c6cf565f9b2eb4c863e105fb1270a1af70cdb6a026b77e78dcda6b0d",
            "ip_address": "172.17.0.3",
            "ip_prefix_length": 16,
            "labels": null,
            "links": null,
            "log_driver": "json-file",
            "log_opts": null,
            "logs": false,
            "max_retry_count": null,
            "memory": null,
            "memory_swap": null,
            "mounts": [],
            "must_run": true,
            "name": "blog",
            "network_alias": null,
            "network_data": [
              {
                "gateway": "172.17.0.1",
                "ip_address": "172.17.0.3",
                "ip_prefix_length": 16,
                "network_name": "bridge"
              }
            ],
            "network_mode": null,
            "networks": null,
            "networks_advanced": [],
            "pid_mode": null,
            "ports": [
              {
                "external": 80,
                "internal": 2368,
                "ip": "0.0.0.0",
                "protocol": "tcp"
              }
            ],
            "privileged": null,
            "publish_all_ports": null,
            "restart": "no",
            "rm": false,
            "start": true,
            "tmpfs": null,
            "ulimit": [],
            "upload": [],
            "user": null,
            "userns_mode": null,
            "volumes": []
          },
          "private": "eyJzY2hlbWFfdmVyc2lvbiI6IjEifQ=="
        }
      ]
    },
    {
      "module": "module.Image",
      "mode": "managed",
      "type": "docker_image",
      "name": "image_id",
      "provider": "provider.docker",
      "instances": [
        {
          "schema_version": 0,
          "attributes": {
            "id": "sha256:3fc7b362c6cf565f9b2eb4c863e105fb1270a1af70cdb6a026b77e78dcda6b0dghost:latest",
            "keep_locally": null,
            "latest": "sha256:3fc7b362c6cf565f9b2eb4c863e105fb1270a1af70cdb6a026b77e78dcda6b0d",
            "name": "ghost:latest",
            "pull_trigger": null,
            "pull_triggers": null
          },
          "private": "bnVsbA=="
        }
      ]
    }
  ]
}
