{
  "version": 4,
  "terraform_version": "0.12.5",
  "serial": 3,
  "lineage": "24b10ce2-c69b-23c5-70ec-c45bb2d3f4dd",
  "outputs": {
    "image_out": {
      "value": "sha256:3fc7b362c6cf565f9b2eb4c863e105fb1270a1af70cdb6a026b77e78dcda6b0d",
      "type": "string"
    }
  },
  "resources": [
    {
      "mode": "managed",
      "type": "docker_image",
      "name": "image_id",
      "provider": "provider.docker",
      "instances": [
        {
          "schema_version": 0,
          "attributes": {
            "id": "sha256:3fc7b362c6cf565f9b2eb4c863e105fb1270a1af70cdb6a026b77e78dcda6b0dghost:latest",
            "keep_locally": null,
            "latest": "sha256:3fc7b362c6cf565f9b2eb4c863e105fb1270a1af70cdb6a026b77e78dcda6b0d",
            "name": "ghost:latest",
            "pull_trigger": null,
            "pull_triggers": null
          }
        }
      ]
    }
  ]
}
